
Microsoft Visual Studio Solution File, Format Version 12.00
# Visual Studio Version 16
VisualStudioVersion = 16.0.34601.136
MinimumVisualStudioVersion = 10.0.40219.1
Project("{FAE04EC0-301F-11D3-BF4B-00C04F79EFBC}") = "c22th2_NguyenQuocDat", "c22th2_NguyenQuocDat\c22th2_NguyenQuocDat.csproj", "{F065D9AE-1881-4C25-A5D2-3FE3E2F1F9DD}"
EndProject
Global
	GlobalSection(SolutionConfigurationPlatforms) = preSolution
		Debug|Any CPU = Debug|Any CPU
		Release|Any CPU = Release|Any CPU
	EndGlobalSection
	GlobalSection(ProjectConfigurationPlatforms) = postSolution
		{F065D9AE-1881-4C25-A5D2-3FE3E2F1F9DD}.Debug|Any CPU.ActiveCfg = Debug|Any CPU
		{F065D9AE-1881-4C25-A5D2-3FE3E2F1F9DD}.Debug|Any CPU.Build.0 = Debug|Any CPU
		{F065D9AE-1881-4C25-A5D2-3FE3E2F1F9DD}.Release|Any CPU.ActiveCfg = Release|Any CPU
		{F065D9AE-1881-4C25-A5D2-3FE3E2F1F9DD}.Release|Any CPU.Build.0 = Release|Any CPU
	EndGlobalSection
	GlobalSection(SolutionProperties) = preSolution
		HideSolutionNode = FALSE
	EndGlobalSection
	GlobalSection(ExtensibilityGlobals) = postSolution
		SolutionGuid = {8357C63E-3E42-4518-B476-D7FD2ABE4B8A}
	EndGlobalSection
EndGlobal
